
Microsoft Visual Studio Solution File, Format Version 12.00
# Visual Studio Version 17
VisualStudioVersion = 17.3.32929.385
MinimumVisualStudioVersion = 10.0.40219.1
Project("{8BC9CEB8-8B4A-11D0-8D11-00A0C91BC942}") = "2DCAD", "2DCAD\2DCAD.vcxproj", "{3E074432-6297-461E-ACC4-3D0736BBD70A}"
EndProject
Global
	GlobalSection(SolutionConfigurationPlatforms) = preSolution
		Debug|x64 = Debug|x64
		Release|x64 = Release|x64
	EndGlobalSection
	GlobalSection(ProjectConfigurationPlatforms) = postSolution
		{3E074432-6297-461E-ACC4-3D0736BBD70A}.Debug|x64.ActiveCfg = Debug|x64
		{3E074432-6297-461E-ACC4-3D0736BBD70A}.Debug|x64.Build.0 = Debug|x64
		{3E074432-6297-461E-ACC4-3D0736BBD70A}.Release|x64.ActiveCfg = Release|x64
		{3E074432-6297-461E-ACC4-3D0736BBD70A}.Release|x64.Build.0 = Release|x64
	EndGlobalSection
	GlobalSection(SolutionProperties) = preSolution
		HideSolutionNode = FALSE
	EndGlobalSection
	GlobalSection(ExtensibilityGlobals) = postSolution
		SolutionGuid = {0F1E573A-46D8-427D-AE13-79A28EA4E966}
	EndGlobalSection
EndGlobal
